
Microsoft Visual Studio Solution File, Format Version 12.00
# Visual Studio Version 17
VisualStudioVersion = 17.4.33122.133
MinimumVisualStudioVersion = 10.0.40219.1
Project("{FAE04EC0-301F-11D3-BF4B-00C04F79EFBC}") = "MyFirstWebApi", "MyFirstWebApi\MyFirstWebApi.csproj", "{7CE17E42-47C7-47F6-A23E-11D71EF16433}"
EndProject
Global
	GlobalSection(SolutionConfigurationPlatforms) = preSolution
		Debug|Any CPU = Debug|Any CPU
		Release|Any CPU = Release|Any CPU
	EndGlobalSection
	GlobalSection(ProjectConfigurationPlatforms) = postSolution
		{7CE17E42-47C7-47F6-A23E-11D71EF16433}.Debug|Any CPU.ActiveCfg = Debug|Any CPU
		{7CE17E42-47C7-47F6-A23E-11D71EF16433}.Debug|Any CPU.Build.0 = Debug|Any CPU
		{7CE17E42-47C7-47F6-A23E-11D71EF16433}.Release|Any CPU.ActiveCfg = Release|Any CPU
		{7CE17E42-47C7-47F6-A23E-11D71EF16433}.Release|Any CPU.Build.0 = Release|Any CPU
	EndGlobalSection
	GlobalSection(SolutionProperties) = preSolution
		HideSolutionNode = FALSE
	EndGlobalSection
	GlobalSection(ExtensibilityGlobals) = postSolution
		SolutionGuid = {AD6DA1FC-3787-42B5-9BE6-744BB2A3A703}
	EndGlobalSection
EndGlobal
